
Microsoft Visual Studio Solution File, Format Version 12.00
# Visual Studio Version 16
VisualStudioVersion = 16.0.30413.136
MinimumVisualStudioVersion = 10.0.40219.1
Project("{FAE04EC0-301F-11D3-BF4B-00C04F79EFBC}") = "Project", "Project\Project.csproj", "{FA72B3BF-F37F-4AAD-80A9-C34169FD7FCD}"
EndProject
Global
	GlobalSection(SolutionConfigurationPlatforms) = preSolution
		Debug|Any CPU = Debug|Any CPU
		Release|Any CPU = Release|Any CPU
	EndGlobalSection
	GlobalSection(ProjectConfigurationPlatforms) = postSolution
		{FA72B3BF-F37F-4AAD-80A9-C34169FD7FCD}.Debug|Any CPU.ActiveCfg = Debug|Any CPU
		{FA72B3BF-F37F-4AAD-80A9-C34169FD7FCD}.Debug|Any CPU.Build.0 = Debug|Any CPU
		{FA72B3BF-F37F-4AAD-80A9-C34169FD7FCD}.Release|Any CPU.ActiveCfg = Release|Any CPU
		{FA72B3BF-F37F-4AAD-80A9-C34169FD7FCD}.Release|Any CPU.Build.0 = Release|Any CPU
	EndGlobalSection
	GlobalSection(SolutionProperties) = preSolution
		HideSolutionNode = FALSE
	EndGlobalSection
	GlobalSection(ExtensibilityGlobals) = postSolution
		SolutionGuid = {955159C0-5D99-4654-A500-F4CF1702F37A}
	EndGlobalSection
EndGlobal
